<?xml version="1.0" encoding="utf-8"?>
<Project ToolsVersion="4.0" xmlns="http://schemas.microsoft.com/developer/msbuild/2003">
  <ItemGroup>
    <Filter Include="Source Files">
      <UniqueIdentifier>{cb5f8efe-5e1a-41f5-9b2c-e1b02c0ff1b9}</UniqueIdentifier>
      <Extensions>cpp;c;cxx;rc;def;r;odl;idl;hpj;bat</Extensions>
    </Filter>
    <Filter Include="Header Files">
      <UniqueIdentifier>{079442d8-498e-4060-9261-5259c17d8fcd}</UniqueIdentifier>
      <Extensions>h;hpp;hxx;hm;inl</Extensions>
    </Filter>
    <Filter Include="Resource Files">
      <UniqueIdentifier>{b118a497-c6b9-429a-adc3-73b303d18ea3}</UniqueIdentifier>
      <Extensions>ico;cur;bmp;dlg;rc2;rct;bin;cnt;rtf;gif;jpg;jpeg;jpe</Extensions>
    </Filter>
    <Filter Include="Help Files">
      <UniqueIdentifier>{9fa25fa9-3c2b-44dc-b9ac-54c1599a3ab4}</UniqueIdentifier>
    </Filter>
  </ItemGroup>
  <ItemGroup>
    <ClCompile Include="AnalyzeCtl_dlg.cpp">
      <Filter>Source Files</Filter>
    </ClCompile>
    <ClCompile Include="Assoc_dlg.cpp">
      <Filter>Source Files</Filter>
    </ClCompile>
    <ClCompile Include="BackgdTask_dlg.cpp">
      <Filter>Source Files</Filter>
    </ClCompile>
    <ClCompile Include="BasinSadlListView.cpp">
      <Filter>Source Files</Filter>
    </ClCompile>
    <ClCompile Include="BrowseFormat_dlg.cpp">
      <Filter>Source Files</Filter>
    </ClCompile>
    <ClCompile Include="ColorBox.cpp">
      <Filter>Source Files</Filter>
    </ClCompile>
    <ClCompile Include="Contour_dlg.cpp">
      <Filter>Source Files</Filter>
    </ClCompile>
    <ClCompile Include="Crop_dlg.cpp">
      <Filter>Source Files</Filter>
    </ClCompile>
    <ClCompile Include="CutoffOnly_dlg.cpp">
      <Filter>Source Files</Filter>
    </ClCompile>
    <ClCompile Include="CycleListView.cpp">
      <Filter>Source Files</Filter>
    </ClCompile>
    <ClCompile Include="CycleSadl_dlg.cpp">
      <Filter>Source Files</Filter>
    </ClCompile>
    <ClCompile Include="Data_dlg.cpp">
      <Filter>Source Files</Filter>
    </ClCompile>
    <ClCompile Include="DataAlign_dlg.cpp">
      <Filter>Source Files</Filter>
    </ClCompile>
    <ClCompile Include="Database.cpp">
      <Filter>Source Files</Filter>
    </ClCompile>
    <ClCompile Include="DataFilter_dlg.cpp">
      <Filter>Source Files</Filter>
    </ClCompile>
    <ClCompile Include="DataFrame.cpp">
      <Filter>Source Files</Filter>
    </ClCompile>
    <ClCompile Include="DataImport_dlg.cpp">
      <Filter>Source Files</Filter>
    </ClCompile>
    <ClCompile Include="DataInfo_dlg.cpp">
      <Filter>Source Files</Filter>
    </ClCompile>
    <ClCompile Include="DataListSummary_dlg.cpp">
      <Filter>Source Files</Filter>
    </ClCompile>
    <ClCompile Include="DataListView.cpp">
      <Filter>Source Files</Filter>
    </ClCompile>
    <ClCompile Include="DataLocationFilter_dlg.cpp">
      <Filter>Source Files</Filter>
    </ClCompile>
    <ClCompile Include="DefineFlat_dlg.cpp">
      <Filter>Source Files</Filter>
    </ClCompile>
    <ClCompile Include="Domain.cpp">
      <Filter>Source Files</Filter>
    </ClCompile>
    <ClCompile Include="Domain_anal.cpp">
      <Filter>Source Files</Filter>
    </ClCompile>
    <ClCompile Include="DomainView_dlg.cpp">
      <Filter>Source Files</Filter>
    </ClCompile>
    <ClCompile Include="DomapInfo_dlg.cpp">
      <Filter>Source Files</Filter>
    </ClCompile>
    <ClCompile Include="ElevColor_dlg.cpp">
      <Filter>Source Files</Filter>
    </ClCompile>
    <ClCompile Include="ElevConflict_dlg.cpp">
      <Filter>Source Files</Filter>
    </ClCompile>
    <ClCompile Include="ElevMapInfo_dlg.cpp">
      <Filter>Source Files</Filter>
    </ClCompile>
    <ClCompile Include="ElevRect_dlg.cpp">
      <Filter>Source Files</Filter>
    </ClCompile>
    <ClCompile Include="ErrorAnal_dlg.cpp">
      <Filter>Source Files</Filter>
    </ClCompile>
    <ClCompile Include="ErrorFilter_dlg.cpp">
      <Filter>Source Files</Filter>
    </ClCompile>
    <ClCompile Include="ErrorListView.cpp">
      <Filter>Source Files</Filter>
    </ClCompile>
    <ClCompile Include="ErrorParam_dlg.cpp">
      <Filter>Source Files</Filter>
    </ClCompile>
    <ClCompile Include="FeatureEdit_dlg.cpp">
      <Filter>Source Files</Filter>
    </ClCompile>
    <ClCompile Include="FeatureFilter_dlg.cpp">
      <Filter>Source Files</Filter>
    </ClCompile>
    <ClCompile Include="FeatureFmt_dlg.cpp">
      <Filter>Source Files</Filter>
    </ClCompile>
    <ClCompile Include="FeatureListSummary_dlg.cpp">
      <Filter>Source Files</Filter>
    </ClCompile>
    <ClCompile Include="FeatureListView.cpp">
      <Filter>Source Files</Filter>
    </ClCompile>
    <ClCompile Include="FeatureTypeFilter_dlg.cpp">
      <Filter>Source Files</Filter>
    </ClCompile>
    <ClCompile Include="FeatureView_dlg.cpp">
      <Filter>Source Files</Filter>
    </ClCompile>
    <ClCompile Include="Fields_dlg.cpp">
      <Filter>Source Files</Filter>
    </ClCompile>
    <ClCompile Include="FreeHeight_dlg.cpp">
      <Filter>Source Files</Filter>
    </ClCompile>
    <ClCompile Include="FreeHeightParam_dlg.cpp">
      <Filter>Source Files</Filter>
    </ClCompile>
    <ClCompile Include="GenericListView.cpp">
      <Filter>Source Files</Filter>
    </ClCompile>
    <ClCompile Include="GraphFrame.cpp">
      <Filter>Source Files</Filter>
    </ClCompile>
    <ClCompile Include="GraphView.cpp">
      <Filter>Source Files</Filter>
    </ClCompile>
    <ClCompile Include="Grid.cpp">
      <Filter>Source Files</Filter>
    </ClCompile>
    <ClCompile Include="GridPoint.cpp">
      <Filter>Source Files</Filter>
    </ClCompile>
    <ClCompile Include="GridPointFilter_dlg.cpp">
      <Filter>Source Files</Filter>
    </ClCompile>
    <ClCompile Include="GridView_dlg.cpp">
      <Filter>Source Files</Filter>
    </ClCompile>
    <ClCompile Include="GroupListView.cpp">
      <Filter>Source Files</Filter>
    </ClCompile>
    <ClCompile Include="IdentifyFeature_dlg.cpp">
      <Filter>Source Files</Filter>
    </ClCompile>
    <ClCompile Include="Imparam_dlg.cpp">
      <Filter>Source Files</Filter>
    </ClCompile>
    <ClCompile Include="ImpOut_dlg.cpp">
      <Filter>Source Files</Filter>
    </ClCompile>
    <ClCompile Include="ListFilter_dlg.cpp">
      <Filter>Source Files</Filter>
    </ClCompile>
    <ClCompile Include="ListFrame.cpp">
      <Filter>Source Files</Filter>
    </ClCompile>
    <ClCompile Include="ListSadl_dlg.cpp">
      <Filter>Source Files</Filter>
    </ClCompile>
    <ClCompile Include="LocationFmt_dlg.cpp">
      <Filter>Source Files</Filter>
    </ClCompile>
    <ClCompile Include="LPRtreeView.cpp">
      <Filter>Source Files</Filter>
    </ClCompile>
    <ClCompile Include="MapInfo_dlg.cpp">
      <Filter>Source Files</Filter>
    </ClCompile>
    <ClCompile Include="MapView.cpp">
      <Filter>Source Files</Filter>
    </ClCompile>
    <ClCompile Include="NoiseSum_dlg.cpp">
      <Filter>Source Files</Filter>
    </ClCompile>
    <ClCompile Include="ParentListView.cpp">
      <Filter>Source Files</Filter>
    </ClCompile>
    <ClCompile Include="ParentType_dlg.cpp">
      <Filter>Source Files</Filter>
    </ClCompile>
    <ClCompile Include="PeakListView.cpp">
      <Filter>Source Files</Filter>
    </ClCompile>
    <ClCompile Include="PeakNbrListView.cpp">
      <Filter>Source Files</Filter>
    </ClCompile>
    <ClCompile Include="Point.cpp">
      <Filter>Source Files</Filter>
    </ClCompile>
    <ClCompile Include="PrintMap_dlg.cpp">
      <Filter>Source Files</Filter>
    </ClCompile>
    <ClCompile Include="ProfileFrame.cpp">
      <Filter>Source Files</Filter>
    </ClCompile>
    <ClCompile Include="ProfileParam_dlg.cpp">
      <Filter>Source Files</Filter>
    </ClCompile>
    <ClCompile Include="ProfileView.cpp">
      <Filter>Source Files</Filter>
    </ClCompile>
    <ClCompile Include="PromCutoff_dlg.cpp">
      <Filter>Source Files</Filter>
    </ClCompile>
    <ClCompile Include="PromDoc.cpp">
      <Filter>Source Files</Filter>
    </ClCompile>
    <ClCompile Include="PromFrame.cpp">
      <Filter>Source Files</Filter>
    </ClCompile>
    <ClCompile Include="PromRulerBar.cpp">
      <Filter>Source Files</Filter>
    </ClCompile>
    <ClCompile Include="PromSadl_dlg.cpp">
      <Filter>Source Files</Filter>
    </ClCompile>
    <ClCompile Include="PromSadlListView.cpp">
      <Filter>Source Files</Filter>
    </ClCompile>
    <ClCompile Include="Purge_dlg.cpp">
      <Filter>Source Files</Filter>
    </ClCompile>
    <ClCompile Include="PurgeDomain_dlg.cpp">
      <Filter>Source Files</Filter>
    </ClCompile>
    <ClCompile Include="PurgeNoise_dlg.cpp">
      <Filter>Source Files</Filter>
    </ClCompile>
    <ClCompile Include="Relief_dlg.cpp">
      <Filter>Source Files</Filter>
    </ClCompile>
    <ClCompile Include="RidgeView_dlg.cpp">
      <Filter>Source Files</Filter>
    </ClCompile>
    <ClCompile Include="RQFinfo_dlg.cpp">
      <Filter>Source Files</Filter>
    </ClCompile>
    <ClCompile Include="RulerBar.cpp">
      <Filter>Source Files</Filter>
    </ClCompile>
    <ClCompile Include="RunoffList_dlg.cpp">
      <Filter>Source Files</Filter>
    </ClCompile>
    <ClCompile Include="RunoffListView.cpp">
      <Filter>Source Files</Filter>
    </ClCompile>
    <ClCompile Include="RunoffNbr_dlg.cpp">
      <Filter>Source Files</Filter>
    </ClCompile>
    <ClCompile Include="RunoffNbrListView.cpp">
      <Filter>Source Files</Filter>
    </ClCompile>
    <ClCompile Include="SaddleListView.cpp">
      <Filter>Source Files</Filter>
    </ClCompile>
    <ClCompile Include="SaddleWalkInvView.cpp">
      <Filter>Source Files</Filter>
    </ClCompile>
    <ClCompile Include="Scale_dlg.cpp">
      <Filter>Source Files</Filter>
    </ClCompile>
    <ClCompile Include="ScriptCtl_dlg.cpp">
      <Filter>Source Files</Filter>
    </ClCompile>
    <ClCompile Include="SetLocation_dlg.cpp">
      <Filter>Source Files</Filter>
    </ClCompile>
    <ClCompile Include="SetProfile_dlg.cpp">
      <Filter>Source Files</Filter>
    </ClCompile>
    <ClCompile Include="Shoreline_dlg.cpp">
      <Filter>Source Files</Filter>
    </ClCompile>
    <ClCompile Include="Splash.cpp">
      <Filter>Source Files</Filter>
    </ClCompile>
    <ClCompile Include="StatOptions_dlg.cpp">
      <Filter>Source Files</Filter>
    </ClCompile>
    <ClCompile Include="StdAfx.cpp">
      <Filter>Source Files</Filter>
    </ClCompile>
    <ClCompile Include="SWI_dlg.cpp">
      <Filter>Source Files</Filter>
    </ClCompile>
    <ClCompile Include="Transform_dlg.cpp">
      <Filter>Source Files</Filter>
    </ClCompile>
    <ClCompile Include="TransformTree_dlg.cpp">
      <Filter>Source Files</Filter>
    </ClCompile>
    <ClCompile Include="TransPal_dlg.cpp">
      <Filter>Source Files</Filter>
    </ClCompile>
    <ClCompile Include="TreeFilter_dlg.cpp">
      <Filter>Source Files</Filter>
    </ClCompile>
    <ClCompile Include="TreeFrame.cpp">
      <Filter>Source Files</Filter>
    </ClCompile>
    <ClCompile Include="TreeInfo_dlg.cpp">
      <Filter>Source Files</Filter>
    </ClCompile>
    <ClCompile Include="TreePaste_dlg.cpp">
      <Filter>Source Files</Filter>
    </ClCompile>
    <ClCompile Include="TreeSelectFilter_dlg.cpp">
      <Filter>Source Files</Filter>
    </ClCompile>
    <ClCompile Include="WalkListView.cpp">
      <Filter>Source Files</Filter>
    </ClCompile>
    <ClCompile Include="winprom.cpp">
      <Filter>Source Files</Filter>
    </ClCompile>
    <ClCompile Include="WSinfo_dlg.cpp">
      <Filter>Source Files</Filter>
    </ClCompile>
    <ClCompile Include="XferTree_dlg.cpp">
      <Filter>Source Files</Filter>
    </ClCompile>
  </ItemGroup>
  <ItemGroup>
    <ResourceCompile Include="winprom.rc">
      <Filter>Source Files</Filter>
    </ResourceCompile>
  </ItemGroup>
  <ItemGroup>
    <ClInclude Include="AnalyzeCtl_dlg.h">
      <Filter>Header Files</Filter>
    </ClInclude>
    <ClInclude Include="Area_info.h">
      <Filter>Header Files</Filter>
    </ClInclude>
    <ClInclude Include="BrowseFormat_dlg.h">
      <Filter>Header Files</Filter>
    </ClInclude>
    <ClInclude Include="BrowserFrame.h">
      <Filter>Header Files</Filter>
    </ClInclude>
    <ClInclude Include="Contour_dlg.h">
      <Filter>Header Files</Filter>
    </ClInclude>
    <ClInclude Include="Crop_dlg.h">
      <Filter>Header Files</Filter>
    </ClInclude>
    <ClInclude Include="CutoffOnly_dlg.h">
      <Filter>Header Files</Filter>
    </ClInclude>
    <ClInclude Include="CycleSadl_dlg.h">
      <Filter>Header Files</Filter>
    </ClInclude>
    <ClInclude Include="Data_dlg.h">
      <Filter>Header Files</Filter>
    </ClInclude>
    <ClInclude Include="DataAlign_dlg.h">
      <Filter>Header Files</Filter>
    </ClInclude>
    <ClInclude Include="Database.h">
      <Filter>Header Files</Filter>
    </ClInclude>
    <ClInclude Include="DataFilter_dlg.h">
      <Filter>Header Files</Filter>
    </ClInclude>
    <ClInclude Include="DataImport_dlg.h">
      <Filter>Header Files</Filter>
    </ClInclude>
    <ClInclude Include="DataInfo_dlg.h">
      <Filter>Header Files</Filter>
    </ClInclude>
    <ClInclude Include="DataListSummary_dlg.h">
      <Filter>Header Files</Filter>
    </ClInclude>
    <ClInclude Include="DataListView.h">
      <Filter>Header Files</Filter>
    </ClInclude>
    <ClInclude Include="DataLocationFilter_dlg.h">
      <Filter>Header Files</Filter>
    </ClInclude>
    <ClInclude Include="DefineFlat_dlg.h">
      <Filter>Header Files</Filter>
    </ClInclude>
    <ClInclude Include="DomainView_dlg.h">
      <Filter>Header Files</Filter>
    </ClInclude>
    <ClInclude Include="DomapInfo_dlg.h">
      <Filter>Header Files</Filter>
    </ClInclude>
    <ClInclude Include="EditedList_dlg.h">
      <Filter>Header Files</Filter>
    </ClInclude>
    <ClInclude Include="ElevColor_dlg.h">
      <Filter>Header Files</Filter>
    </ClInclude>
    <ClInclude Include="ElevConflict_dlg.h">
      <Filter>Header Files</Filter>
    </ClInclude>
    <ClInclude Include="ElevMapInfo_dlg.h">
      <Filter>Header Files</Filter>
    </ClInclude>
    <ClInclude Include="ErrorAnal_dlg.h">
      <Filter>Header Files</Filter>
    </ClInclude>
    <ClInclude Include="ErrorParam_dlg.h">
      <Filter>Header Files</Filter>
    </ClInclude>
    <ClInclude Include="FeatureEdit_dlg.h">
      <Filter>Header Files</Filter>
    </ClInclude>
    <ClInclude Include="FeatureFilter_dlg.h">
      <Filter>Header Files</Filter>
    </ClInclude>
    <ClInclude Include="FeatureFmt_dlg.h">
      <Filter>Header Files</Filter>
    </ClInclude>
    <ClInclude Include="FeatureListSummary_dlg.h">
      <Filter>Header Files</Filter>
    </ClInclude>
    <ClInclude Include="FeatureListView.h">
      <Filter>Header Files</Filter>
    </ClInclude>
    <ClInclude Include="FeatureTypeFilter_dlg.h">
      <Filter>Header Files</Filter>
    </ClInclude>
    <ClInclude Include="FeatureView_dlg.h">
      <Filter>Header Files</Filter>
    </ClInclude>
    <ClInclude Include="Fields_dlg.h">
      <Filter>Header Files</Filter>
    </ClInclude>
    <ClInclude Include="Format.h">
      <Filter>Header Files</Filter>
    </ClInclude>
    <ClInclude Include="FreeHeightParam_dlg.h">
      <Filter>Header Files</Filter>
    </ClInclude>
    <ClInclude Include="GenericListView.h">
      <Filter>Header Files</Filter>
    </ClInclude>
    <ClInclude Include="GridPointFilter_dlg.h">
      <Filter>Header Files</Filter>
    </ClInclude>
    <ClInclude Include="GridView_dlg.h">
      <Filter>Header Files</Filter>
    </ClInclude>
    <ClInclude Include="GroupListView.h">
      <Filter>Header Files</Filter>
    </ClInclude>
    <ClInclude Include="Imparam_dlg.h">
      <Filter>Header Files</Filter>
    </ClInclude>
    <ClInclude Include="ImpOut_dlg.h">
      <Filter>Header Files</Filter>
    </ClInclude>
    <ClInclude Include="ListFilter_dlg.h">
      <Filter>Header Files</Filter>
    </ClInclude>
    <ClInclude Include="ListFrame.h">
      <Filter>Header Files</Filter>
    </ClInclude>
    <ClInclude Include="MapInfo_dlg.h">
      <Filter>Header Files</Filter>
    </ClInclude>
    <ClInclude Include="MapView.h">
      <Filter>Header Files</Filter>
    </ClInclude>
    <ClInclude Include="NoiseSum_dlg.h">
      <Filter>Header Files</Filter>
    </ClInclude>
    <ClInclude Include="ParentListView.h">
      <Filter>Header Files</Filter>
    </ClInclude>
    <ClInclude Include="ParentType_dlg.h">
      <Filter>Header Files</Filter>
    </ClInclude>
    <ClInclude Include="PeakListView.h">
      <Filter>Header Files</Filter>
    </ClInclude>
    <ClInclude Include="PrintMap_dlg.h">
      <Filter>Header Files</Filter>
    </ClInclude>
    <ClInclude Include="ProfileParam_dlg.h">
      <Filter>Header Files</Filter>
    </ClInclude>
    <ClInclude Include="ProfileView.h">
      <Filter>Header Files</Filter>
    </ClInclude>
    <ClInclude Include="PromCutoff_dlg.h">
      <Filter>Header Files</Filter>
    </ClInclude>
    <ClInclude Include="PromDoc.h">
      <Filter>Header Files</Filter>
    </ClInclude>
    <ClInclude Include="PromFrame.h">
      <Filter>Header Files</Filter>
    </ClInclude>
    <ClInclude Include="PromSadlListView.h">
      <Filter>Header Files</Filter>
    </ClInclude>
    <ClInclude Include="PurgeDomain_dlg.h">
      <Filter>Header Files</Filter>
    </ClInclude>
    <ClInclude Include="PurgeNoise_dlg.h">
      <Filter>Header Files</Filter>
    </ClInclude>
    <ClInclude Include="Relief_dlg.h">
      <Filter>Header Files</Filter>
    </ClInclude>
    <ClInclude Include="Resource.h">
      <Filter>Header Files</Filter>
    </ClInclude>
    <ClInclude Include="RidgeView_dlg.h">
      <Filter>Header Files</Filter>
    </ClInclude>
    <ClInclude Include="RQFinfo_dlg.h">
      <Filter>Header Files</Filter>
    </ClInclude>
    <ClInclude Include="RunoffList_dlg.h">
      <Filter>Header Files</Filter>
    </ClInclude>
    <ClInclude Include="RunoffListView.h">
      <Filter>Header Files</Filter>
    </ClInclude>
    <ClInclude Include="RunoffNbr_dlg.h">
      <Filter>Header Files</Filter>
    </ClInclude>
    <ClInclude Include="RunoffNbrListView.h">
      <Filter>Header Files</Filter>
    </ClInclude>
    <ClInclude Include="SaddleListView.h">
      <Filter>Header Files</Filter>
    </ClInclude>
    <ClInclude Include="SaddleWalkInvView.h">
      <Filter>Header Files</Filter>
    </ClInclude>
    <ClInclude Include="Scale_dlg.h">
      <Filter>Header Files</Filter>
    </ClInclude>
    <ClInclude Include="ScriptCtl_dlg.h">
      <Filter>Header Files</Filter>
    </ClInclude>
    <ClInclude Include="Shoreline_dlg.h">
      <Filter>Header Files</Filter>
    </ClInclude>
    <ClInclude Include="StatOptions_dlg.h">
      <Filter>Header Files</Filter>
    </ClInclude>
    <ClInclude Include="StdAfx.h">
      <Filter>Header Files</Filter>
    </ClInclude>
    <ClInclude Include="SWI_dlg.h">
      <Filter>Header Files</Filter>
    </ClInclude>
    <ClInclude Include="Transform_dlg.h">
      <Filter>Header Files</Filter>
    </ClInclude>
    <ClInclude Include="TransformTree_dlg.h">
      <Filter>Header Files</Filter>
    </ClInclude>
    <ClInclude Include="TransPal_dlg.h">
      <Filter>Header Files</Filter>
    </ClInclude>
    <ClInclude Include="TreeFrame.h">
      <Filter>Header Files</Filter>
    </ClInclude>
    <ClInclude Include="TreeInfo_dlg.h">
      <Filter>Header Files</Filter>
    </ClInclude>
    <ClInclude Include="TreePaste_dlg.h">
      <Filter>Header Files</Filter>
    </ClInclude>
    <ClInclude Include="WalkListView.h">
      <Filter>Header Files</Filter>
    </ClInclude>
    <ClInclude Include="winprom.h">
      <Filter>Header Files</Filter>
    </ClInclude>
    <ClInclude Include="WSinfo_dlg.h">
      <Filter>Header Files</Filter>
    </ClInclude>
    <ClInclude Include="XferTree_dlg.h">
      <Filter>Header Files</Filter>
    </ClInclude>
    <ClInclude Include="GridPoint.h">
      <Filter>Header Files</Filter>
    </ClInclude>
    <ClInclude Include="graphview.h">
      <Filter>Header Files</Filter>
    </ClInclude>
    <ClInclude Include="Domain_anal.h">
      <Filter>Header Files</Filter>
    </ClInclude>
    <ClInclude Include="domain.h">
      <Filter>Header Files</Filter>
    </ClInclude>
    <ClInclude Include="Grid.h">
      <Filter>Header Files</Filter>
    </ClInclude>
    <ClInclude Include="point.h">
      <Filter>Header Files</Filter>
    </ClInclude>
    <ClInclude Include="Grid_map.h">
      <Filter>Header Files</Filter>
    </ClInclude>
  </ItemGroup>
  <ItemGroup>
    <CustomBuild Include="hlp\winprom.hpj">
      <Filter>Source Files</Filter>
    </CustomBuild>
    <CustomBuild Include="res\basin.ico">
      <Filter>Resource Files</Filter>
    </CustomBuild>
    <CustomBuild Include="res\Basin_saddle.ico">
      <Filter>Resource Files</Filter>
    </CustomBuild>
    <CustomBuild Include="res\basinsadl_list.ico">
      <Filter>Resource Files</Filter>
    </CustomBuild>
    <CustomBuild Include="res\bitmap1.bmp">
      <Filter>Resource Files</Filter>
    </CustomBuild>
    <CustomBuild Include="res\browse.ico">
      <Filter>Resource Files</Filter>
    </CustomBuild>
    <CustomBuild Include="res\browser.bmp">
      <Filter>Resource Files</Filter>
    </CustomBuild>
    <CustomBuild Include="res\csv.bmp">
      <Filter>Resource Files</Filter>
    </CustomBuild>
    <CustomBuild Include="res\csv.ico">
      <Filter>Resource Files</Filter>
    </CustomBuild>
    <CustomBuild Include="res\cycle.ico">
      <Filter>Resource Files</Filter>
    </CustomBuild>
    <CustomBuild Include="res\DataList.bmp">
      <Filter>Resource Files</Filter>
    </CustomBuild>
    <CustomBuild Include="res\dlpr.ico">
      <Filter>Resource Files</Filter>
    </CustomBuild>
    <CustomBuild Include="res\edge.ico">
      <Filter>Resource Files</Filter>
    </CustomBuild>
    <CustomBuild Include="res\Elev.ico">
      <Filter>Resource Files</Filter>
    </CustomBuild>
    <CustomBuild Include="res\FeatureList.bmp">
      <Filter>Resource Files</Filter>
    </CustomBuild>
    <CustomBuild Include="res\file_tb.bmp">
      <Filter>Resource Files</Filter>
    </CustomBuild>
    <CustomBuild Include="res\graph_drain.bmp">
      <Filter>Resource Files</Filter>
    </CustomBuild>
    <CustomBuild Include="res\graphtype.bmp">
      <Filter>Resource Files</Filter>
    </CustomBuild>
    <CustomBuild Include="res\html.bmp">
      <Filter>Resource Files</Filter>
    </CustomBuild>
    <CustomBuild Include="res\ico00001.ico">
      <Filter>Resource Files</Filter>
    </CustomBuild>
    <CustomBuild Include="res\icon1.ico">
      <Filter>Resource Files</Filter>
    </CustomBuild>
    <CustomBuild Include="res\idr_data.ico">
      <Filter>Resource Files</Filter>
    </CustomBuild>
    <CustomBuild Include="res\idr_mai.ico">
      <Filter>Resource Files</Filter>
    </CustomBuild>
    <CustomBuild Include="res\idr_main.ico">
      <Filter>Resource Files</Filter>
    </CustomBuild>
    <CustomBuild Include="res\LPRtree.bmp">
      <Filter>Resource Files</Filter>
    </CustomBuild>
    <CustomBuild Include="res\mixed.ico">
      <Filter>Resource Files</Filter>
    </CustomBuild>
    <CustomBuild Include="res\mixed_drain.ico">
      <Filter>Resource Files</Filter>
    </CustomBuild>
    <CustomBuild Include="res\noedit.ico">
      <Filter>Resource Files</Filter>
    </CustomBuild>
    <CustomBuild Include="res\noedit_edge.ico">
      <Filter>Resource Files</Filter>
    </CustomBuild>
    <CustomBuild Include="res\offmap.ico">
      <Filter>Resource Files</Filter>
    </CustomBuild>
    <CustomBuild Include="res\Peak.ico">
      <Filter>Resource Files</Filter>
    </CustomBuild>
    <CustomBuild Include="res\Prom.ico">
      <Filter>Resource Files</Filter>
    </CustomBuild>
    <CustomBuild Include="res\PromIslandTree.bmp">
      <Filter>Resource Files</Filter>
    </CustomBuild>
    <CustomBuild Include="res\promsadl_list.ico">
      <Filter>Resource Files</Filter>
    </CustomBuild>
    <CustomBuild Include="res\runoff.ico">
      <Filter>Resource Files</Filter>
    </CustomBuild>
    <CustomBuild Include="res\runoff1.ico">
      <Filter>Resource Files</Filter>
    </CustomBuild>
    <CustomBuild Include="res\Saddle.ico">
      <Filter>Resource Files</Filter>
    </CustomBuild>
    <CustomBuild Include="res\sbro.ico">
      <Filter>Resource Files</Filter>
    </CustomBuild>
    <CustomBuild Include="res\splash.bmp">
      <Filter>Resource Files</Filter>
    </CustomBuild>
    <CustomBuild Include="res\text.bmp">
      <Filter>Resource Files</Filter>
    </CustomBuild>
    <CustomBuild Include="res\text.ico">
      <Filter>Resource Files</Filter>
    </CustomBuild>
    <CustomBuild Include="res\Toolbar.bmp">
      <Filter>Resource Files</Filter>
    </CustomBuild>
    <CustomBuild Include="res\toolbar1.bmp">
      <Filter>Resource Files</Filter>
    </CustomBuild>
    <CustomBuild Include="res\winprom.rc2">
      <Filter>Resource Files</Filter>
    </CustomBuild>
    <CustomBuild Include="hlp\AfxCore.rtf">
      <Filter>Help Files</Filter>
    </CustomBuild>
    <CustomBuild Include="hlp\AfxPrint.rtf">
      <Filter>Help Files</Filter>
    </CustomBuild>
    <CustomBuild Include="hlp\AppExit.bmp">
      <Filter>Help Files</Filter>
    </CustomBuild>
    <CustomBuild Include="hlp\Bullet.bmp">
      <Filter>Help Files</Filter>
    </CustomBuild>
    <CustomBuild Include="hlp\CurArw2.bmp">
      <Filter>Help Files</Filter>
    </CustomBuild>
    <CustomBuild Include="hlp\CurArw4.bmp">
      <Filter>Help Files</Filter>
    </CustomBuild>
    <CustomBuild Include="hlp\CurHelp.bmp">
      <Filter>Help Files</Filter>
    </CustomBuild>
    <CustomBuild Include="hlp\EditCopy.bmp">
      <Filter>Help Files</Filter>
    </CustomBuild>
    <CustomBuild Include="hlp\EditCut.bmp">
      <Filter>Help Files</Filter>
    </CustomBuild>
    <CustomBuild Include="hlp\EditPast.bmp">
      <Filter>Help Files</Filter>
    </CustomBuild>
    <CustomBuild Include="hlp\EditUndo.bmp">
      <Filter>Help Files</Filter>
    </CustomBuild>
    <CustomBuild Include="hlp\FileNew.bmp">
      <Filter>Help Files</Filter>
    </CustomBuild>
    <CustomBuild Include="hlp\FileOpen.bmp">
      <Filter>Help Files</Filter>
    </CustomBuild>
    <CustomBuild Include="hlp\FilePrnt.bmp">
      <Filter>Help Files</Filter>
    </CustomBuild>
    <CustomBuild Include="hlp\FileSave.bmp">
      <Filter>Help Files</Filter>
    </CustomBuild>
    <CustomBuild Include="hlp\HlpSBar.bmp">
      <Filter>Help Files</Filter>
    </CustomBuild>
    <CustomBuild Include="hlp\HlpTBar.bmp">
      <Filter>Help Files</Filter>
    </CustomBuild>
    <CustomBuild Include="MakeHelp.bat">
      <Filter>Help Files</Filter>
    </CustomBuild>
    <CustomBuild Include="hlp\RecFirst.bmp">
      <Filter>Help Files</Filter>
    </CustomBuild>
    <CustomBuild Include="hlp\RecLast.bmp">
      <Filter>Help Files</Filter>
    </CustomBuild>
    <CustomBuild Include="hlp\RecNext.bmp">
      <Filter>Help Files</Filter>
    </CustomBuild>
    <CustomBuild Include="hlp\RecPrev.bmp">
      <Filter>Help Files</Filter>
    </CustomBuild>
    <CustomBuild Include="hlp\Scmax.bmp">
      <Filter>Help Files</Filter>
    </CustomBuild>
    <CustomBuild Include="hlp\ScMenu.bmp">
      <Filter>Help Files</Filter>
    </CustomBuild>
    <CustomBuild Include="hlp\Scmin.bmp">
      <Filter>Help Files</Filter>
    </CustomBuild>
    <CustomBuild Include="hlp\winprom.cnt">
      <Filter>Help Files</Filter>
    </CustomBuild>
    <CustomBuild Include="ReadMe.txt" />
    <CustomBuild Include="winprom.reg" />
  </ItemGroup>
</Project>